{
    "_readme": [
        "This file locks the dependencies of your project to a known state",
        "Read more about it at https://getcomposer.org/doc/01-basic-usage.md#installing-dependencies",
        "This file is @generated automatically"
    ],
    "content-hash": "f61a34845ffcebbf908b5b77b20d6a04",
    "packages": [
        {
            "name": "wumvi/curl",
            "version": "v1.0.0",
            "source": {
                "type": "git",
                "url": "https://github.com/wumvi/curl.git",
                "reference": "7867b588423c92cbc6edc27400f865fd2575e65e"
            },
            "dist": {
                "type": "zip",
                "url": "https://api.github.com/repos/wumvi/curl/zipball/7867b588423c92cbc6edc27400f865fd2575e65e",
                "reference": "7867b588423c92cbc6edc27400f865fd2575e65e",
                "shasum": ""
            },
            "require": {
                "ext-curl": "*"
            },
            "require-dev": {
                "overtrue/phplint": "2.0.2",
                "phan/phan": "3.0.2",
                "phpstan/phpstan": "0.12.28",
                "phpunit/phpunit": "9.2.2",
                "squizlabs/php_codesniffer": "3.5.5"
            },
            "type": "library",
            "autoload": {
                "psr-4": {
                    "Wumvi\\Curl\\": "src"
                }
            },
            "notification-url": "https://packagist.org/downloads/",
            "license": [
                "MIT"
            ],
            "authors": [
                {
                    "name": "Kozlenko Vitaliy",
                    "role": "Developer"
                }
            ],
            "description": "Plugin Curl library",
            "time": "2020-06-17T20:49:28+00:00"
        },
        {
            "name": "wumvi/mysqldao",
            "version": "v1.0.1",
            "source": {
                "type": "git",
                "url": "https://github.com/wumvi/mysqldao.git",
                "reference": "8d720fdd18dea441756e74e857d65d00a7d63a45"
            },
            "dist": {
                "type": "zip",
                "url": "https://api.github.com/repos/wumvi/mysqldao/zipball/8d720fdd18dea441756e74e857d65d00a7d63a45",
                "reference": "8d720fdd18dea441756e74e857d65d00a7d63a45",
                "shasum": ""
            },
            "require": {
                "ext-mysqli": "*"
            },
            "type": "library",
            "autoload": {
                "psr-4": {
                    "Wumvi\\MysqlDao\\": "src"
                }
            },
            "notification-url": "https://packagist.org/downloads/",
            "license": [
                "proprietary"
            ],
            "authors": [
                {
                    "name": "Vitaliy Kozlenko",
                    "email": "vk@wumvi.com"
                }
            ],
            "time": "2020-09-22T23:09:27+00:00"
        }
    ],
    "packages-dev": [],
    "aliases": [],
    "minimum-stability": "stable",
    "stability-flags": [],
    "prefer-stable": false,
    "prefer-lowest": false,
    "platform": [],
    "platform-dev": [],
    "plugin-api-version": "1.1.0"
}
